PODS:
  - CBRCloudKitConnection (0.10.1):
    - CloudBridge (~> 0.10.0)
  - CBRManagedObjectCache (1.3.0)
  - CloudBridge (0.10.4):
    - CBRManagedObjectCache (~> 1.3.0)
    - SLCoreDataStack (~> 0.8)
  - Expecta (0.3.1)
  - OCMock (3.1.1)
  - SLCoreDataStack (0.8.0)

DEPENDENCIES:
  - CBRCloudKitConnection (from `../`)
  - Expecta (~> 0.3.1)
  - OCMock (~> 3.1.1)

EXTERNAL SOURCES:
  CBRCloudKitConnection:
    :path: ../

SPEC CHECKSUMS:
  CBRCloudKitConnection: d9ddabfb52d736b96f861ab453010d61c45c869a
  CBRManagedObjectCache: 8ef33932382421d783041d39ca2c0f30942661a5
  CloudBridge: 15164e1c88bbbff2216d679d860f6c5f42401daf
  Expecta: 03aabd0a89d8dea843baecb19a7fd7466a69a31d
  OCMock: f6cb8c162ab9d5620dddf411282c7b2c0ee78854
  SLCoreDataStack: 5ce030f675397684f06932a8b6ffadaaf319cae6

COCOAPODS: 0.34.4
