PODS:
  - CBRCloudKitConnection (1.0.0):
    - CloudBridge (~> 0.5)
  - CBRManagedObjectCache (1.1.1)
  - CloudBridge (0.5.0):
    - CBRManagedObjectCache (~> 1.1)
    - SLCoreDataStack (~> 0.6)
  - Expecta (0.3.1)
  - OCMock (3.0.2)
  - SLCoreDataStack (0.6.0)

DEPENDENCIES:
  - CBRCloudKitConnection (from `../`)
  - Expecta (~> 0.3.1)
  - OCMock (from `https://github.com/erikdoe/ocmock.git`, commit `c026ab231d1b7c6acace2b8d2f6112ffd9b6bd6d`)

EXTERNAL SOURCES:
  CBRCloudKitConnection:
    :path: ../
  OCMock:
    :commit: c026ab231d1b7c6acace2b8d2f6112ffd9b6bd6d
    :git: https://github.com/erikdoe/ocmock.git

SPEC CHECKSUMS:
  CBRCloudKitConnection: c9aeae9c34e27d9b19ce3a839b585a8eb62a5325
  CBRManagedObjectCache: 95fdffdf667dea9bd5ed1ca322503b073c154c6f
  CloudBridge: 1eb2c3744b5e0af301a51320324d12b5ad7bb37b
  Expecta: 03aabd0a89d8dea843baecb19a7fd7466a69a31d
  OCMock: 1adf522d315ac895d50da509b783180fc36e1469
  SLCoreDataStack: 3cbb4bc9ea1f0ba6d7a3a382b1d0cf879b5f3cd4

COCOAPODS: 0.33.1
